PODS:
  - MBProgressHUD (1.0.0)

DEPENDENCIES:
  - MBProgressHUD (= 1.0.0)

SPEC REPOS:
  https://github.com/cocoapods/specs.git:
    - MBProgressHUD

SPEC CHECKSUMS:
  MBProgressHUD: 4890f671c94e8a0f3cf959aa731e9de2f036d71a

PODFILE CHECKSUM: 3cf6b181b68fc577d2c364cb5e46ed162ec4c6df

COCOAPODS: 1.5.3
